
Microsoft Visual Studio Solution File, Format Version 12.00
# Visual Studio Version 17
VisualStudioVersion = 17.2.32630.192
MinimumVisualStudioVersion = 10.0.40219.1
Project("{FAE04EC0-301F-11D3-BF4B-00C04F79EFBC}") = "BookStoreAPI", "BookStoreAPI\BookStoreAPI.csproj", "{7E01807A-DFD0-4255-9576-B3CDB8F5E2DA}"
EndProject
Global
	GlobalSection(SolutionConfigurationPlatforms) = preSolution
		Debug|Any CPU = Debug|Any CPU
		Release|Any CPU = Release|Any CPU
	EndGlobalSection
	GlobalSection(ProjectConfigurationPlatforms) = postSolution
		{7E01807A-DFD0-4255-9576-B3CDB8F5E2DA}.Debug|Any CPU.ActiveCfg = Debug|Any CPU
		{7E01807A-DFD0-4255-9576-B3CDB8F5E2DA}.Debug|Any CPU.Build.0 = Debug|Any CPU
		{7E01807A-DFD0-4255-9576-B3CDB8F5E2DA}.Release|Any CPU.ActiveCfg = Release|Any CPU
		{7E01807A-DFD0-4255-9576-B3CDB8F5E2DA}.Release|Any CPU.Build.0 = Release|Any CPU
	EndGlobalSection
	GlobalSection(SolutionProperties) = preSolution
		HideSolutionNode = FALSE
	EndGlobalSection
	GlobalSection(ExtensibilityGlobals) = postSolution
		SolutionGuid = {1B854242-F885-416A-B24E-F11FD8567D8B}
	EndGlobalSection
EndGlobal
